
Microsoft Visual Studio Solution File, Format Version 12.00
# Visual Studio Version 17
VisualStudioVersion = 17.4.33213.308
MinimumVisualStudioVersion = 10.0.40219.1
Project("{FAE04EC0-301F-11D3-BF4B-00C04F79EFBC}") = "iuahgfdug1", "iuahgfdug1\iuahgfdug1.csproj", "{E024EAD1-003F-4C8D-B55F-33D8245F4B77}"
EndProject
Global
	GlobalSection(SolutionConfigurationPlatforms) = preSolution
		Debug|Any CPU = Debug|Any CPU
		Release|Any CPU = Release|Any CPU
	EndGlobalSection
	GlobalSection(ProjectConfigurationPlatforms) = postSolution
		{E024EAD1-003F-4C8D-B55F-33D8245F4B77}.Debug|Any CPU.ActiveCfg = Debug|Any CPU
		{E024EAD1-003F-4C8D-B55F-33D8245F4B77}.Debug|Any CPU.Build.0 = Debug|Any CPU
		{E024EAD1-003F-4C8D-B55F-33D8245F4B77}.Release|Any CPU.ActiveCfg = Release|Any CPU
		{E024EAD1-003F-4C8D-B55F-33D8245F4B77}.Release|Any CPU.Build.0 = Release|Any CPU
	EndGlobalSection
	GlobalSection(SolutionProperties) = preSolution
		HideSolutionNode = FALSE
	EndGlobalSection
	GlobalSection(ExtensibilityGlobals) = postSolution
		SolutionGuid = {D463C76D-9500-4B5E-B1A0-BA07D0E225F5}
	EndGlobalSection
EndGlobal
